
Microsoft Visual Studio Solution File, Format Version 12.00
# Visual Studio Version 17
VisualStudioVersion = 17.7.34202.233
MinimumVisualStudioVersion = 10.0.40219.1
Project("{FAE04EC0-301F-11D3-BF4B-00C04F79EFBC}") = "PolicyPlus.csharp", "..\PolicyPlus.csharp\PolicyPlus.csharp.csproj", "{038892FF-ACC6-441C-B451-889362EF799B}"
EndProject
Global
	GlobalSection(SolutionConfigurationPlatforms) = preSolution
		Debug|Any CPU = Debug|Any CPU
		Release|Any CPU = Release|Any CPU
	EndGlobalSection
	GlobalSection(ProjectConfigurationPlatforms) = postSolution
		{038892FF-ACC6-441C-B451-889362EF799B}.Debug|Any CPU.ActiveCfg = Debug|Any CPU
		{038892FF-ACC6-441C-B451-889362EF799B}.Debug|Any CPU.Build.0 = Debug|Any CPU
		{038892FF-ACC6-441C-B451-889362EF799B}.Release|Any CPU.ActiveCfg = Release|Any CPU
		{038892FF-ACC6-441C-B451-889362EF799B}.Release|Any CPU.Build.0 = Release|Any CPU
	EndGlobalSection
	GlobalSection(SolutionProperties) = preSolution
		HideSolutionNode = FALSE
	EndGlobalSection
	GlobalSection(ExtensibilityGlobals) = postSolution
		SolutionGuid = {9A2E2372-D9E2-4E23-BFAC-C8AC14ED7AA0}
	EndGlobalSection
EndGlobal
